{
    "_readme": [
        "This file locks the dependencies of your project to a known state",
        "Read more about it at http://getcomposer.org/doc/01-basic-usage.md#composer-lock-the-lock-file",
        "This file is @generated automatically"
    ],
    "hash": "3bc2c84d64088d647f5d175a69f9becb",
    "packages": [
        {
            "name": "bolt/boltforms",
            "version": "v2.1.2",
            "source": {
                "type": "git",
                "url": "https://github.com/GawainLynch/bolt-extension-boltforms.git",
                "reference": "f234a5be6fb5d1f609429a8971e8424336554b7b"
            },
            "dist": {
                "type": "zip",
                "url": "https://api.github.com/repos/GawainLynch/bolt-extension-boltforms/zipball/f234a5be6fb5d1f609429a8971e8424336554b7b",
                "reference": "f234a5be6fb5d1f609429a8971e8424336554b7b",
                "shasum": ""
            },
            "require": {
                "bolt/bolt": ">=2.1.0,<3.0.0"
            },
            "type": "bolt-extension",
            "extra": {
                "branch-alias": {
                    "dev-master": "2.2.*-dev"
                }
            },
            "autoload": {
                "files": [
                    "init.php"
                ],
                "psr-4": {
                    "Bolt\\Extension\\Bolt\\BoltForms\\": [
                        "",
                        "src/"
                    ],
                    "Bolt\\Extension\\Bolt\\BoltForms\\Tests\\": "tests/",
                    "ReCaptcha\\": "lib/ReCaptcha/"
                }
            },
            "license": [
                "GPL-3.0+"
            ],
            "authors": [
                {
                    "name": "Gawain Lynch",
                    "email": "gawain.lynch@gmail.com"
                }
            ],
            "description": "Symfony Forms API for bolt",
            "keywords": [
                ""
            ],
            "support": {
                "source": "https://github.com/GawainLynch/bolt-extension-boltforms/tree/v2.1.2",
                "issues": "https://github.com/GawainLynch/bolt-extension-boltforms/issues"
            },
            "time": "2015-04-02 15:51:52"
        },
        {
            "name": "bolt/colourpicker",
            "version": "1.0",
            "source": {
                "type": "git",
                "url": "https://github.com/rossriley/bolt-extension-colourpicker.git",
                "reference": "f7762733bc9c872f75e435a910f7fc88cf7e4d45"
            },
            "dist": {
                "type": "zip",
                "url": "https://api.github.com/repos/rossriley/bolt-extension-colourpicker/zipball/f7762733bc9c872f75e435a910f7fc88cf7e4d45",
                "reference": "f7762733bc9c872f75e435a910f7fc88cf7e4d45",
                "shasum": ""
            },
            "require": {
                "bolt/bolt": ">1.9,<3.0.0"
            },
            "type": "bolt-extension",
            "extra": {
                "bolt-assets": "assets",
                "bolt-screenshots": [
                    "screenshot.png"
                ]
            },
            "autoload": {
                "files": [
                    "init.php"
                ],
                "psr-4": {
                    "Bolt\\Extensions\\Colourpicker\\": ""
                }
            },
            "license": [
                "MIT"
            ],
            "authors": [
                {
                    "name": "Ross Riley",
                    "email": "riley.ross@gmail.com"
                }
            ],
            "description": "An extension to add a colourpicker as a field type within Bolt",
            "keywords": [
                "backend",
                "colourpicker",
                "field"
            ],
            "support": {
                "source": "https://github.com/rossriley/bolt-extension-colourpicker/tree/1.0",
                "issues": "https://github.com/rossriley/bolt-extension-colourpicker/issues"
            },
            "time": "2014-10-24 06:06:20"
        },
        {
            "name": "bolt/simpleforms",
            "version": "0.12",
            "source": {
                "type": "git",
                "url": "https://github.com/jadwigo/SimpleForms.git",
                "reference": "a9dd6134b695253405b66502e537c13a982162ec"
            },
            "dist": {
                "type": "zip",
                "url": "https://api.github.com/repos/jadwigo/SimpleForms/zipball/a9dd6134b695253405b66502e537c13a982162ec",
                "reference": "a9dd6134b695253405b66502e537c13a982162ec",
                "shasum": ""
            },
            "require": {
                "bolt/bolt": ">=2.0.0,<3.0.0"
            },
            "type": "bolt-extension",
            "extra": {
                "branch-alias": {
                    "dev-master": "1.*"
                }
            },
            "autoload": {
                "files": [
                    "init.php"
                ],
                "psr-4": {
                    "Bolt\\Extension\\Bolt\\SimpleForms\\": ""
                }
            },
            "authors": [
                {
                    "name": "Lodewijk Evers",
                    "email": "lodewijk@twokings.nl",
                    "homepage": "https://github.com/jadwigo"
                }
            ],
            "description": "This extension will allow you to insert simple forms on your site, for users to get in touch, send you a quick note or something like that. To use, configure the required fields in config.yml, and place <code>{{ simpleform('contact') }}</code> in your templates.",
            "keywords": [
                "email",
                "forms",
                "input",
                "upload"
            ],
            "support": {
                "source": "https://github.com/jadwigo/SimpleForms/tree/0.12",
                "issues": "https://github.com/jadwigo/SimpleForms/issues"
            },
            "time": "2015-01-11 12:30:35"
        }
    ],
    "packages-dev": [],
    "aliases": [],
    "minimum-stability": "stable",
    "stability-flags": [],
    "prefer-stable": true,
    "prefer-lowest": false,
    "platform": [],
    "platform-dev": []
}
